
Microsoft Visual Studio Solution File, Format Version 12.00
# Visual Studio Version 16
VisualStudioVersion = 16.0.29306.81
MinimumVisualStudioVersion = 10.0.40219.1
Project("{FAE04EC0-301F-11D3-BF4B-00C04F79EFBC}") = "16.10.2019", "16.10.2019.csproj", "{B33F619A-CB10-4F02-ACC4-228B4C9E15C9}"
EndProject
Global
	GlobalSection(SolutionConfigurationPlatforms) = preSolution
		Debug|Any CPU = Debug|Any CPU
		Release|Any CPU = Release|Any CPU
	EndGlobalSection
	GlobalSection(ProjectConfigurationPlatforms) = postSolution
		{B33F619A-CB10-4F02-ACC4-228B4C9E15C9}.Debug|Any CPU.ActiveCfg = Debug|Any CPU
		{B33F619A-CB10-4F02-ACC4-228B4C9E15C9}.Debug|Any CPU.Build.0 = Debug|Any CPU
		{B33F619A-CB10-4F02-ACC4-228B4C9E15C9}.Release|Any CPU.ActiveCfg = Release|Any CPU
		{B33F619A-CB10-4F02-ACC4-228B4C9E15C9}.Release|Any CPU.Build.0 = Release|Any CPU
	EndGlobalSection
	GlobalSection(SolutionProperties) = preSolution
		HideSolutionNode = FALSE
	EndGlobalSection
	GlobalSection(ExtensibilityGlobals) = postSolution
		SolutionGuid = {120E1E75-F751-42B9-8E01-4D1D856462BB}
	EndGlobalSection
EndGlobal
